// !$*UTF8*$!
{
	archiveVersion = 1;
	classes = {
	};
	objectVersion = 54;
	objects = {

/* Begin PBXBuildFile section */
		21B827FA49CA17F32C953880 /* Pods_Omos.framework in Frameworks */ = {isa = PBXBuildFile; fileRef = EBDDD0956E1034CF6BE3CC18 /* Pods_Omos.framework */; };
		B609138027AD3A7C00B439C3 /* AppDelegate.swift in Sources */ = {isa = PBXBuildFile; fileRef = B609137F27AD3A7C00B439C3 /* AppDelegate.swift */; };
		B609138227AD3A7C00B439C3 /* SceneDelegate.swift in Sources */ = {isa = PBXBuildFile; fileRef = B609138127AD3A7C00B439C3 /* SceneDelegate.swift */; };
		B609138427AD3A7C00B439C3 /* BaseViewController.swift in Sources */ = {isa = PBXBuildFile; fileRef = B609138327AD3A7C00B439C3 /* BaseViewController.swift */; };
		B609138927AD3A8000B439C3 /* Assets.xcassets in Resources */ = {isa = PBXBuildFile; fileRef = B609138827AD3A8000B439C3 /* Assets.xcassets */; };
		B609138C27AD3A8000B439C3 /* LaunchScreen.storyboard in Resources */ = {isa = PBXBuildFile; fileRef = B609138A27AD3A8000B439C3 /* LaunchScreen.storyboard */; };
		B650873927AF948D0020D2C1 /* HomeViewController.swift in Sources */ = {isa = PBXBuildFile; fileRef = B650873827AF948D0020D2C1 /* HomeViewController.swift */; };
		B650873B27AF94C60020D2C1 /* TabBarViewController.swift in Sources */ = {isa = PBXBuildFile; fileRef = B650873A27AF94C60020D2C1 /* TabBarViewController.swift */; };
		B650873D27AF969C0020D2C1 /* MyRecordViewController.swift in Sources */ = {isa = PBXBuildFile; fileRef = B650873C27AF969C0020D2C1 /* MyRecordViewController.swift */; };
		B650873F27AF96B00020D2C1 /* AllRecordViewController.swift in Sources */ = {isa = PBXBuildFile; fileRef = B650873E27AF96B00020D2C1 /* AllRecordViewController.swift */; };
		B650874127AF96C00020D2C1 /* MyDJViewController.swift in Sources */ = {isa = PBXBuildFile; fileRef = B650874027AF96C00020D2C1 /* MyDJViewController.swift */; };
		B650874327AF96E80020D2C1 /* ProfileViewController.swift in Sources */ = {isa = PBXBuildFile; fileRef = B650874227AF96E80020D2C1 /* ProfileViewController.swift */; };
		B650874527AFAE220020D2C1 /* SearchViewController.swift in Sources */ = {isa = PBXBuildFile; fileRef = B650874427AFAE220020D2C1 /* SearchViewController.swift */; };
		B650874727AFC4CA0020D2C1 /* AllRecordViewModel.swift in Sources */ = {isa = PBXBuildFile; fileRef = B650874627AFC4CA0020D2C1 /* AllRecordViewModel.swift */; };
		B650874927AFC5150020D2C1 /* AllRecord + Table.swift in Sources */ = {isa = PBXBuildFile; fileRef = B650874827AFC5150020D2C1 /* AllRecord + Table.swift */; };
		B650874B27AFC5EF0020D2C1 /* AllRecordView.swift in Sources */ = {isa = PBXBuildFile; fileRef = B650874A27AFC5EE0020D2C1 /* AllRecordView.swift */; };
		B666A90627AED17C00BE7F92 /* BaseView.swift in Sources */ = {isa = PBXBuildFile; fileRef = B666A90527AED17C00BE7F92 /* BaseView.swift */; };
		B666A90827AED1AA00BE7F92 /* EmptyView.swift in Sources */ = {isa = PBXBuildFile; fileRef = B666A90727AED1AA00BE7F92 /* EmptyView.swift */; };
		B683A45327B0DA3500838749 /* AllRecordTableCell.swift in Sources */ = {isa = PBXBuildFile; fileRef = B683A45227B0DA3500838749 /* AllRecordTableCell.swift */; };
		B683A45727B12DD000838749 /* ProfileView.swift in Sources */ = {isa = PBXBuildFile; fileRef = B683A45627B12DD000838749 /* ProfileView.swift */; };
		B683A45927B130D100838749 /* Profile + Table.swift in Sources */ = {isa = PBXBuildFile; fileRef = B683A45827B130D100838749 /* Profile + Table.swift */; };
		B689A9CE27AE94E9005F26E4 /* UIVIew.swift in Sources */ = {isa = PBXBuildFile; fileRef = B689A9C927AE94E7005F26E4 /* UIVIew.swift */; };
		B689A9CF27AE94E9005F26E4 /* UIViewController.swift in Sources */ = {isa = PBXBuildFile; fileRef = B689A9CA27AE94E8005F26E4 /* UIViewController.swift */; };
		B689A9D027AE94E9005F26E4 /* UIImage.swift in Sources */ = {isa = PBXBuildFile; fileRef = B689A9CB27AE94E8005F26E4 /* UIImage.swift */; };
		B689A9D127AE94E9005F26E4 /* Color.swift in Sources */ = {isa = PBXBuildFile; fileRef = B689A9CC27AE94E8005F26E4 /* Color.swift */; };
		B689A9D227AE94E9005F26E4 /* Date.swift in Sources */ = {isa = PBXBuildFile; fileRef = B689A9CD27AE94E9005F26E4 /* Date.swift */; };
		B689A9D527AE9627005F26E4 /* CustomToggleView.swift in Sources */ = {isa = PBXBuildFile; fileRef = B689A9D327AE9627005F26E4 /* CustomToggleView.swift */; };
		B689A9D627AE9627005F26E4 /* IndicatorView.swift in Sources */ = {isa = PBXBuildFile; fileRef = B689A9D427AE9627005F26E4 /* IndicatorView.swift */; };
		B689A9DA27AEA835005F26E4 /* BaseViewModel.swift in Sources */ = {isa = PBXBuildFile; fileRef = B689A9D927AEA835005F26E4 /* BaseViewModel.swift */; };
		B689A9DC27AEA877005F26E4 /* LoginViewController.swift in Sources */ = {isa = PBXBuildFile; fileRef = B689A9DB27AEA877005F26E4 /* LoginViewController.swift */; };
/* End PBXBuildFile section */

/* Begin PBXFileReference section */
		B609137C27AD3A7C00B439C3 /* Omos.app */ = {isa = PBXFileReference; explicitFileType = wrapper.application; includeInIndex = 0; path = Omos.app; sourceTree = BUILT_PRODUCTS_DIR; };
		B609137F27AD3A7C00B439C3 /* AppDelegate.swift */ = {isa = PBXFileReference; lastKnownFileType = sourcecode.swift; path = AppDelegate.swift; sourceTree = "<group>"; };
		B609138127AD3A7C00B439C3 /* SceneDelegate.swift */ = {isa = PBXFileReference; lastKnownFileType = sourcecode.swift; path = SceneDelegate.swift; sourceTree = "<group>"; };
		B609138327AD3A7C00B439C3 /* BaseViewController.swift */ = {isa = PBXFileReference; lastKnownFileType = sourcecode.swift; path = BaseViewController.swift; sourceTree = "<group>"; };
		B609138827AD3A8000B439C3 /* Assets.xcassets */ = {isa = PBXFileReference; lastKnownFileType = folder.assetcatalog; path = Assets.xcassets; sourceTree = "<group>"; };
		B609138B27AD3A8000B439C3 /* Base */ = {isa = PBXFileReference; lastKnownFileType = file.storyboard; name = Base; path = Base.lproj/LaunchScreen.storyboard; sourceTree = "<group>"; };
		B609138D27AD3A8000B439C3 /* Info.plist */ = {isa = PBXFileReference; lastKnownFileType = text.plist.xml; path = Info.plist; sourceTree = "<group>"; };
		B650873827AF948D0020D2C1 /* HomeViewController.swift */ = {isa = PBXFileReference; lastKnownFileType = sourcecode.swift; path = HomeViewController.swift; sourceTree = "<group>"; };
		B650873A27AF94C60020D2C1 /* TabBarViewController.swift */ = {isa = PBXFileReference; lastKnownFileType = sourcecode.swift; path = TabBarViewController.swift; sourceTree = "<group>"; };
		B650873C27AF969C0020D2C1 /* MyRecordViewController.swift */ = {isa = PBXFileReference; lastKnownFileType = sourcecode.swift; path = MyRecordViewController.swift; sourceTree = "<group>"; };
		B650873E27AF96B00020D2C1 /* AllRecordViewController.swift */ = {isa = PBXFileReference; lastKnownFileType = sourcecode.swift; path = AllRecordViewController.swift; sourceTree = "<group>"; };
		B650874027AF96C00020D2C1 /* MyDJViewController.swift */ = {isa = PBXFileReference; lastKnownFileType = sourcecode.swift; path = MyDJViewController.swift; sourceTree = "<group>"; };
		B650874227AF96E80020D2C1 /* ProfileViewController.swift */ = {isa = PBXFileReference; lastKnownFileType = sourcecode.swift; path = ProfileViewController.swift; sourceTree = "<group>"; };
		B650874427AFAE220020D2C1 /* SearchViewController.swift */ = {isa = PBXFileReference; lastKnownFileType = sourcecode.swift; path = SearchViewController.swift; sourceTree = "<group>"; };
		B650874627AFC4CA0020D2C1 /* AllRecordViewModel.swift */ = {isa = PBXFileReference; lastKnownFileType = sourcecode.swift; path = AllRecordViewModel.swift; sourceTree = "<group>"; };
		B650874827AFC5150020D2C1 /* AllRecord + Table.swift */ = {isa = PBXFileReference; lastKnownFileType = sourcecode.swift; path = "AllRecord + Table.swift"; sourceTree = "<group>"; };
		B650874A27AFC5EE0020D2C1 /* AllRecordView.swift */ = {isa = PBXFileReference; lastKnownFileType = sourcecode.swift; path = AllRecordView.swift; sourceTree = "<group>"; };
		B666A90527AED17C00BE7F92 /* BaseView.swift */ = {isa = PBXFileReference; lastKnownFileType = sourcecode.swift; path = BaseView.swift; sourceTree = "<group>"; };
		B666A90727AED1AA00BE7F92 /* EmptyView.swift */ = {isa = PBXFileReference; lastKnownFileType = sourcecode.swift; path = EmptyView.swift; sourceTree = "<group>"; };
		B683A45227B0DA3500838749 /* AllRecordTableCell.swift */ = {isa = PBXFileReference; lastKnownFileType = sourcecode.swift; path = AllRecordTableCell.swift; sourceTree = "<group>"; };
		B683A45627B12DD000838749 /* ProfileView.swift */ = {isa = PBXFileReference; lastKnownFileType = sourcecode.swift; path = ProfileView.swift; sourceTree = "<group>"; };
		B683A45827B130D100838749 /* Profile + Table.swift */ = {isa = PBXFileReference; lastKnownFileType = sourcecode.swift; path = "Profile + Table.swift"; sourceTree = "<group>"; };
		B689A9C927AE94E7005F26E4 /* UIVIew.swift */ = {isa = PBXFileReference; fileEncoding = 4; lastKnownFileType = sourcecode.swift; path = UIVIew.swift; sourceTree = "<group>"; };
		B689A9CA27AE94E8005F26E4 /* UIViewController.swift */ = {isa = PBXFileReference; fileEncoding = 4; lastKnownFileType = sourcecode.swift; path = UIViewController.swift; sourceTree = "<group>"; };
		B689A9CB27AE94E8005F26E4 /* UIImage.swift */ = {isa = PBXFileReference; fileEncoding = 4; lastKnownFileType = sourcecode.swift; path = UIImage.swift; sourceTree = "<group>"; };
		B689A9CC27AE94E8005F26E4 /* Color.swift */ = {isa = PBXFileReference; fileEncoding = 4; lastKnownFileType = sourcecode.swift; path = Color.swift; sourceTree = "<group>"; };
		B689A9CD27AE94E9005F26E4 /* Date.swift */ = {isa = PBXFileReference; fileEncoding = 4; lastKnownFileType = sourcecode.swift; path = Date.swift; sourceTree = "<group>"; };
		B689A9D327AE9627005F26E4 /* CustomToggleView.swift */ = {isa = PBXFileReference; fileEncoding = 4; lastKnownFileType = sourcecode.swift; path = CustomToggleView.swift; sourceTree = "<group>"; };
		B689A9D427AE9627005F26E4 /* IndicatorView.swift */ = {isa = PBXFileReference; fileEncoding = 4; lastKnownFileType = sourcecode.swift; path = IndicatorView.swift; sourceTree = "<group>"; };
		B689A9D927AEA835005F26E4 /* BaseViewModel.swift */ = {isa = PBXFileReference; lastKnownFileType = sourcecode.swift; path = BaseViewModel.swift; sourceTree = "<group>"; };
		B689A9DB27AEA877005F26E4 /* LoginViewController.swift */ = {isa = PBXFileReference; lastKnownFileType = sourcecode.swift; path = LoginViewController.swift; sourceTree = "<group>"; };
		B689A9DD27AEAD0C005F26E4 /* Omos.entitlements */ = {isa = PBXFileReference; lastKnownFileType = text.plist.entitlements; path = Omos.entitlements; sourceTree = "<group>"; };
		C215C3C79873F26B73F4F037 /* Pods-Omos.release.xcconfig */ = {isa = PBXFileReference; includeInIndex = 1; lastKnownFileType = text.xcconfig; name = "Pods-Omos.release.xcconfig"; path = "Target Support Files/Pods-Omos/Pods-Omos.release.xcconfig"; sourceTree = "<group>"; };
		CEBF3DD9CCF3DD38A49D350C /* Pods-Omos.debug.xcconfig */ = {isa = PBXFileReference; includeInIndex = 1; lastKnownFileType = text.xcconfig; name = "Pods-Omos.debug.xcconfig"; path = "Target Support Files/Pods-Omos/Pods-Omos.debug.xcconfig"; sourceTree = "<group>"; };
		EBDDD0956E1034CF6BE3CC18 /* Pods_Omos.framework */ = {isa = PBXFileReference; explicitFileType = wrapper.framework; includeInIndex = 0; path = Pods_Omos.framework; sourceTree = BUILT_PRODUCTS_DIR; };
/* End PBXFileReference section */

/* Begin PBXFrameworksBuildPhase section */
		B609137927AD3A7C00B439C3 /* Frameworks */ = {
			isa = PBXFrameworksBuildPhase;
			buildActionMask = 2147483647;
			files = (
				21B827FA49CA17F32C953880 /* Pods_Omos.framework in Frameworks */,
			);
			runOnlyForDeploymentPostprocessing = 0;
		};
/* End PBXFrameworksBuildPhase section */

/* Begin PBXGroup section */
		5A9649AB9D7A8749E6E322D7 /* Frameworks */ = {
			isa = PBXGroup;
			children = (
				EBDDD0956E1034CF6BE3CC18 /* Pods_Omos.framework */,
			);
			name = Frameworks;
			sourceTree = "<group>";
		};
		B609137327AD3A7C00B439C3 = {
			isa = PBXGroup;
			children = (
				B609137E27AD3A7C00B439C3 /* Omos */,
				B609137D27AD3A7C00B439C3 /* Products */,
				CBC207B625B5E088E6EE1C56 /* Pods */,
				5A9649AB9D7A8749E6E322D7 /* Frameworks */,
			);
			sourceTree = "<group>";
		};
		B609137D27AD3A7C00B439C3 /* Products */ = {
			isa = PBXGroup;
			children = (
				B609137C27AD3A7C00B439C3 /* Omos.app */,
			);
			name = Products;
			sourceTree = "<group>";
		};
		B609137E27AD3A7C00B439C3 /* Omos */ = {
			isa = PBXGroup;
			children = (
				B612199627AE93E4006AEAC9 /* Models */,
				B612199527AE93D6006AEAC9 /* Managers */,
				B612199427AE939D006AEAC9 /* Resource */,
				B612198F27AE9370006AEAC9 /* Presenter */,
			);
			path = Omos;
			sourceTree = "<group>";
		};
		B612198F27AE9370006AEAC9 /* Presenter */ = {
			isa = PBXGroup;
			children = (
				B612199227AE9387006AEAC9 /* Controllers */,
				B612199127AE9380006AEAC9 /* ViewModels */,
				B612199027AE9377006AEAC9 /* Views */,
			);
			path = Presenter;
			sourceTree = "<group>";
		};
		B612199027AE9377006AEAC9 /* Views */ = {
			isa = PBXGroup;
			children = (
				B666A90527AED17C00BE7F92 /* BaseView.swift */,
				B650874A27AFC5EE0020D2C1 /* AllRecordView.swift */,
				B683A45227B0DA3500838749 /* AllRecordTableCell.swift */,
				B683A45627B12DD000838749 /* ProfileView.swift */,
			);
			path = Views;
			sourceTree = "<group>";
		};
		B612199127AE9380006AEAC9 /* ViewModels */ = {
			isa = PBXGroup;
			children = (
				B689A9D927AEA835005F26E4 /* BaseViewModel.swift */,
				B650874627AFC4CA0020D2C1 /* AllRecordViewModel.swift */,
			);
			path = ViewModels;
			sourceTree = "<group>";
		};
		B612199227AE9387006AEAC9 /* Controllers */ = {
			isa = PBXGroup;
			children = (
				B650873727AF94500020D2C1 /* Others */,
				B650873627AF94400020D2C1 /* Posts */,
				B612199827AE9420006AEAC9 /* Auth */,
				B612199727AE9414006AEAC9 /* CoreTabs */,
			);
			path = Controllers;
			sourceTree = "<group>";
		};
		B612199427AE939D006AEAC9 /* Resource */ = {
			isa = PBXGroup;
			children = (
				B689A9D727AE9635005F26E4 /* Components */,
				B689A9C827AE94B4005F26E4 /* Extension */,
				B609138827AD3A8000B439C3 /* Assets.xcassets */,
				B689A9DD27AEAD0C005F26E4 /* Omos.entitlements */,
				B609138A27AD3A8000B439C3 /* LaunchScreen.storyboard */,
				B609138D27AD3A8000B439C3 /* Info.plist */,
				B609137F27AD3A7C00B439C3 /* AppDelegate.swift */,
				B609138127AD3A7C00B439C3 /* SceneDelegate.swift */,
			);
			path = Resource;
			sourceTree = "<group>";
		};
		B612199527AE93D6006AEAC9 /* Managers */ = {
			isa = PBXGroup;
			children = (
			);
			path = Managers;
			sourceTree = "<group>";
		};
		B612199627AE93E4006AEAC9 /* Models */ = {
			isa = PBXGroup;
			children = (
			);
			path = Models;
			sourceTree = "<group>";
		};
		B612199727AE9414006AEAC9 /* CoreTabs */ = {
			isa = PBXGroup;
			children = (
				B650873A27AF94C60020D2C1 /* TabBarViewController.swift */,
				B650873827AF948D0020D2C1 /* HomeViewController.swift */,
				B650873C27AF969C0020D2C1 /* MyRecordViewController.swift */,
				B650873E27AF96B00020D2C1 /* AllRecordViewController.swift */,
				B650874827AFC5150020D2C1 /* AllRecord + Table.swift */,
				B650874027AF96C00020D2C1 /* MyDJViewController.swift */,
				B650874227AF96E80020D2C1 /* ProfileViewController.swift */,
				B683A45827B130D100838749 /* Profile + Table.swift */,
			);
			path = CoreTabs;
			sourceTree = "<group>";
		};
		B612199827AE9420006AEAC9 /* Auth */ = {
			isa = PBXGroup;
			children = (
				B689A9DB27AEA877005F26E4 /* LoginViewController.swift */,
			);
			path = Auth;
			sourceTree = "<group>";
		};
		B650873627AF94400020D2C1 /* Posts */ = {
			isa = PBXGroup;
			children = (
			);
			path = Posts;
			sourceTree = "<group>";
		};
		B650873727AF94500020D2C1 /* Others */ = {
			isa = PBXGroup;
			children = (
				B609138327AD3A7C00B439C3 /* BaseViewController.swift */,
				B650874427AFAE220020D2C1 /* SearchViewController.swift */,
			);
			path = Others;
			sourceTree = "<group>";
		};
		B689A9C827AE94B4005F26E4 /* Extension */ = {
			isa = PBXGroup;
			children = (
				B689A9CC27AE94E8005F26E4 /* Color.swift */,
				B689A9CD27AE94E9005F26E4 /* Date.swift */,
				B689A9CB27AE94E8005F26E4 /* UIImage.swift */,
				B689A9C927AE94E7005F26E4 /* UIVIew.swift */,
				B689A9CA27AE94E8005F26E4 /* UIViewController.swift */,
			);
			path = Extension;
			sourceTree = "<group>";
		};
		B689A9D727AE9635005F26E4 /* Components */ = {
			isa = PBXGroup;
			children = (
				B666A90727AED1AA00BE7F92 /* EmptyView.swift */,
				B689A9D327AE9627005F26E4 /* CustomToggleView.swift */,
				B689A9D427AE9627005F26E4 /* IndicatorView.swift */,
			);
			path = Components;
			sourceTree = "<group>";
		};
		CBC207B625B5E088E6EE1C56 /* Pods */ = {
			isa = PBXGroup;
			children = (
				CEBF3DD9CCF3DD38A49D350C /* Pods-Omos.debug.xcconfig */,
				C215C3C79873F26B73F4F037 /* Pods-Omos.release.xcconfig */,
			);
			path = Pods;
			sourceTree = "<group>";
		};
/* End PBXGroup section */

/* Begin PBXNativeTarget section */
		B609137B27AD3A7C00B439C3 /* Omos */ = {
			isa = PBXNativeTarget;
			buildConfigurationList = B609139027AD3A8000B439C3 /* Build configuration list for PBXNativeTarget "Omos" */;
			buildPhases = (
				C30991860C975885134EA979 /* [CP] Check Pods Manifest.lock */,
				B609137827AD3A7C00B439C3 /* Sources */,
				B609137927AD3A7C00B439C3 /* Frameworks */,
				B609137A27AD3A7C00B439C3 /* Resources */,
				77902E746488D1AA0A59065A /* [CP] Embed Pods Frameworks */,
			);
			buildRules = (
			);
			dependencies = (
			);
			name = Omos;
			productName = Omos;
			productReference = B609137C27AD3A7C00B439C3 /* Omos.app */;
			productType = "com.apple.product-type.application";
		};
/* End PBXNativeTarget section */

/* Begin PBXProject section */
		B609137427AD3A7C00B439C3 /* Project object */ = {
			isa = PBXProject;
			attributes = {
				BuildIndependentTargetsInParallel = 1;
				LastSwiftUpdateCheck = 1320;
				LastUpgradeCheck = 1320;
				TargetAttributes = {
					B609137B27AD3A7C00B439C3 = {
						CreatedOnToolsVersion = 13.2.1;
					};
				};
			};
			buildConfigurationList = B609137727AD3A7C00B439C3 /* Build configuration list for PBXProject "Omos" */;
			compatibilityVersion = "Xcode 12.0";
			developmentRegion = en;
			hasScannedForEncodings = 0;
			knownRegions = (
				en,
				Base,
			);
			mainGroup = B609137327AD3A7C00B439C3;
			productRefGroup = B609137D27AD3A7C00B439C3 /* Products */;
			projectDirPath = "";
			projectRoot = "";
			targets = (
				B609137B27AD3A7C00B439C3 /* Omos */,
			);
		};
/* End PBXProject section */

/* Begin PBXResourcesBuildPhase section */
		B609137A27AD3A7C00B439C3 /* Resources */ = {
			isa = PBXResourcesBuildPhase;
			buildActionMask = 2147483647;
			files = (
				B609138C27AD3A8000B439C3 /* LaunchScreen.storyboard in Resources */,
				B609138927AD3A8000B439C3 /* Assets.xcassets in Resources */,
			);
			runOnlyForDeploymentPostprocessing = 0;
		};
/* End PBXResourcesBuildPhase section */

/* Begin PBXShellScriptBuildPhase section */
		77902E746488D1AA0A59065A /* [CP] Embed Pods Frameworks */ = {
			isa = PBXShellScriptBuildPhase;
			buildActionMask = 2147483647;
			files = (
			);
			inputFileListPaths = (
				"${PODS_ROOT}/Target Support Files/Pods-Omos/Pods-Omos-frameworks-${CONFIGURATION}-input-files.xcfilelist",
			);
			name = "[CP] Embed Pods Frameworks";
			outputFileListPaths = (
				"${PODS_ROOT}/Target Support Files/Pods-Omos/Pods-Omos-frameworks-${CONFIGURATION}-output-files.xcfilelist",
			);
			runOnlyForDeploymentPostprocessing = 0;
			shellPath = /bin/sh;
			shellScript = "\"${PODS_ROOT}/Target Support Files/Pods-Omos/Pods-Omos-frameworks.sh\"\n";
			showEnvVarsInLog = 0;
		};
		C30991860C975885134EA979 /* [CP] Check Pods Manifest.lock */ = {
			isa = PBXShellScriptBuildPhase;
			buildActionMask = 2147483647;
			files = (
			);
			inputFileListPaths = (
			);
			inputPaths = (
				"${PODS_PODFILE_DIR_PATH}/Podfile.lock",
				"${PODS_ROOT}/Manifest.lock",
			);
			name = "[CP] Check Pods Manifest.lock";
			outputFileListPaths = (
			);
			outputPaths = (
				"$(DERIVED_FILE_DIR)/Pods-Omos-checkManifestLockResult.txt",
			);
			runOnlyForDeploymentPostprocessing = 0;
			shellPath = /bin/sh;
			shellScript = "diff \"${PODS_PODFILE_DIR_PATH}/Podfile.lock\" \"${PODS_ROOT}/Manifest.lock\" > /dev/null\nif [ $? != 0 ] ; then\n    # print error to STDERR\n    echo \"error: The sandbox is not in sync with the Podfile.lock. Run 'pod install' or update your CocoaPods installation.\" >&2\n    exit 1\nfi\n# This output is used by Xcode 'outputs' to avoid re-running this script phase.\necho \"SUCCESS\" > \"${SCRIPT_OUTPUT_FILE_0}\"\n";
			showEnvVarsInLog = 0;
		};
/* End PBXShellScriptBuildPhase section */

/* Begin PBXSourcesBuildPhase section */
		B609137827AD3A7C00B439C3 /* Sources */ = {
			isa = PBXSourcesBuildPhase;
			buildActionMask = 2147483647;
			files = (
				B689A9DC27AEA877005F26E4 /* LoginViewController.swift in Sources */,
				B650874B27AFC5EF0020D2C1 /* AllRecordView.swift in Sources */,
				B650873B27AF94C60020D2C1 /* TabBarViewController.swift in Sources */,
				B650874327AF96E80020D2C1 /* ProfileViewController.swift in Sources */,
				B666A90627AED17C00BE7F92 /* BaseView.swift in Sources */,
				B689A9CE27AE94E9005F26E4 /* UIVIew.swift in Sources */,
				B650874727AFC4CA0020D2C1 /* AllRecordViewModel.swift in Sources */,
				B650874927AFC5150020D2C1 /* AllRecord + Table.swift in Sources */,
				B689A9DA27AEA835005F26E4 /* BaseViewModel.swift in Sources */,
				B609138427AD3A7C00B439C3 /* BaseViewController.swift in Sources */,
				B650873927AF948D0020D2C1 /* HomeViewController.swift in Sources */,
				B689A9D127AE94E9005F26E4 /* Color.swift in Sources */,
				B683A45327B0DA3500838749 /* AllRecordTableCell.swift in Sources */,
				B689A9D227AE94E9005F26E4 /* Date.swift in Sources */,
				B683A45727B12DD000838749 /* ProfileView.swift in Sources */,
				B689A9D627AE9627005F26E4 /* IndicatorView.swift in Sources */,
				B609138027AD3A7C00B439C3 /* AppDelegate.swift in Sources */,
				B689A9D027AE94E9005F26E4 /* UIImage.swift in Sources */,
				B650873D27AF969C0020D2C1 /* MyRecordViewController.swift in Sources */,
				B650874527AFAE220020D2C1 /* SearchViewController.swift in Sources */,
				B683A45927B130D100838749 /* Profile + Table.swift in Sources */,
				B650874127AF96C00020D2C1 /* MyDJViewController.swift in Sources */,
				B689A9D527AE9627005F26E4 /* CustomToggleView.swift in Sources */,
				B609138227AD3A7C00B439C3 /* SceneDelegate.swift in Sources */,
				B666A90827AED1AA00BE7F92 /* EmptyView.swift in Sources */,
				B689A9CF27AE94E9005F26E4 /* UIViewController.swift in Sources */,
				B650873F27AF96B00020D2C1 /* AllRecordViewController.swift in Sources */,
			);
			runOnlyForDeploymentPostprocessing = 0;
		};
/* End PBXSourcesBuildPhase section */

/* Begin PBXVariantGroup section */
		B609138A27AD3A8000B439C3 /* LaunchScreen.storyboard */ = {
			isa = PBXVariantGroup;
			children = (
				B609138B27AD3A8000B439C3 /* Base */,
			);
			name = LaunchScreen.storyboard;
			sourceTree = "<group>";
		};
/* End PBXVariantGroup section */

/* Begin XCBuildConfiguration section */
		B609138E27AD3A8000B439C3 /* Debug */ = {
			isa = XCBuildConfiguration;
			buildSettings = {
				ALWAYS_SEARCH_USER_PATHS = NO;
				CLANG_ANALYZER_NONNULL = YES;
				CLANG_ANALYZER_NUMBER_OBJECT_CONVERSION = YES_AGGRESSIVE;
				CLANG_CXX_LANGUAGE_STANDARD = "gnu++17";
				CLANG_CXX_LIBRARY = "libc++";
				CLANG_ENABLE_MODULES = YES;
				CLANG_ENABLE_OBJC_ARC = YES;
				CLANG_ENABLE_OBJC_WEAK = YES;
				CLANG_WARN_BLOCK_CAPTURE_AUTORELEASING = YES;
				CLANG_WARN_BOOL_CONVERSION = YES;
				CLANG_WARN_COMMA = YES;
				CLANG_WARN_CONSTANT_CONVERSION = YES;
				CLANG_WARN_DEPRECATED_OBJC_IMPLEMENTATIONS = YES;
				CLANG_WARN_DIRECT_OBJC_ISA_USAGE = YES_ERROR;
				CLANG_WARN_DOCUMENTATION_COMMENTS = YES;
				CLANG_WARN_EMPTY_BODY = YES;
				CLANG_WARN_ENUM_CONVERSION = YES;
				CLANG_WARN_INFINITE_RECURSION = YES;
				CLANG_WARN_INT_CONVERSION = YES;
				CLANG_WARN_NON_LITERAL_NULL_CONVERSION = YES;
				CLANG_WARN_OBJC_IMPLICIT_RETAIN_SELF = YES;
				CLANG_WARN_OBJC_LITERAL_CONVERSION = YES;
				CLANG_WARN_OBJC_ROOT_CLASS = YES_ERROR;
				CLANG_WARN_QUOTED_INCLUDE_IN_FRAMEWORK_HEADER = YES;
				CLANG_WARN_RANGE_LOOP_ANALYSIS = YES;
				CLANG_WARN_STRICT_PROTOTYPES = YES;
				CLANG_WARN_SUSPICIOUS_MOVE = YES;
				CLANG_WARN_UNGUARDED_AVAILABILITY = YES_AGGRESSIVE;
				CLANG_WARN_UNREACHABLE_CODE = YES;
				CLANG_WARN__DUPLICATE_METHOD_MATCH = YES;
				COPY_PHASE_STRIP = NO;
				DEBUG_INFORMATION_FORMAT = dwarf;
				ENABLE_STRICT_OBJC_MSGSEND = YES;
				ENABLE_TESTABILITY = YES;
				GCC_C_LANGUAGE_STANDARD = gnu11;
				GCC_DYNAMIC_NO_PIC = NO;
				GCC_NO_COMMON_BLOCKS = YES;
				GCC_OPTIMIZATION_LEVEL = 0;
				GCC_PREPROCESSOR_DEFINITIONS = (
					"DEBUG=1",
					"$(inherited)",
				);
				GCC_WARN_64_TO_32_BIT_CONVERSION = YES;
				GCC_WARN_ABOUT_RETURN_TYPE = YES_ERROR;
				GCC_WARN_UNDECLARED_SELECTOR = YES;
				GCC_WARN_UNINITIALIZED_AUTOS = YES_AGGRESSIVE;
				GCC_WARN_UNUSED_FUNCTION = YES;
				GCC_WARN_UNUSED_VARIABLE = YES;
				IPHONEOS_DEPLOYMENT_TARGET = 13.6;
				MTL_ENABLE_DEBUG_INFO = INCLUDE_SOURCE;
				MTL_FAST_MATH = YES;
				ONLY_ACTIVE_ARCH = YES;
				SDKROOT = iphoneos;
				SWIFT_ACTIVE_COMPILATION_CONDITIONS = DEBUG;
				SWIFT_OPTIMIZATION_LEVEL = "-Onone";
				SWIFT_OPTIMIZE_OBJECT_LIFETIME = YES;
			};
			name = Debug;
		};
		B609138F27AD3A8000B439C3 /* Release */ = {
			isa = XCBuildConfiguration;
			buildSettings = {
				ALWAYS_SEARCH_USER_PATHS = NO;
				CLANG_ANALYZER_NONNULL = YES;
				CLANG_ANALYZER_NUMBER_OBJECT_CONVERSION = YES_AGGRESSIVE;
				CLANG_CXX_LANGUAGE_STANDARD = "gnu++17";
				CLANG_CXX_LIBRARY = "libc++";
				CLANG_ENABLE_MODULES = YES;
				CLANG_ENABLE_OBJC_ARC = YES;
				CLANG_ENABLE_OBJC_WEAK = YES;
				CLANG_WARN_BLOCK_CAPTURE_AUTORELEASING = YES;
				CLANG_WARN_BOOL_CONVERSION = YES;
				CLANG_WARN_COMMA = YES;
				CLANG_WARN_CONSTANT_CONVERSION = YES;
				CLANG_WARN_DEPRECATED_OBJC_IMPLEMENTATIONS = YES;
				CLANG_WARN_DIRECT_OBJC_ISA_USAGE = YES_ERROR;
				CLANG_WARN_DOCUMENTATION_COMMENTS = YES;
				CLANG_WARN_EMPTY_BODY = YES;
				CLANG_WARN_ENUM_CONVERSION = YES;
				CLANG_WARN_INFINITE_RECURSION = YES;
				CLANG_WARN_INT_CONVERSION = YES;
				CLANG_WARN_NON_LITERAL_NULL_CONVERSION = YES;
				CLANG_WARN_OBJC_IMPLICIT_RETAIN_SELF = YES;
				CLANG_WARN_OBJC_LITERAL_CONVERSION = YES;
				CLANG_WARN_OBJC_ROOT_CLASS = YES_ERROR;
				CLANG_WARN_QUOTED_INCLUDE_IN_FRAMEWORK_HEADER = YES;
				CLANG_WARN_RANGE_LOOP_ANALYSIS = YES;
				CLANG_WARN_STRICT_PROTOTYPES = YES;
				CLANG_WARN_SUSPICIOUS_MOVE = YES;
				CLANG_WARN_UNGUARDED_AVAILABILITY = YES_AGGRESSIVE;
				CLANG_WARN_UNREACHABLE_CODE = YES;
				CLANG_WARN__DUPLICATE_METHOD_MATCH = YES;
				COPY_PHASE_STRIP = NO;
				DEBUG_INFORMATION_FORMAT = "dwarf-with-dsym";
				ENABLE_NS_ASSERTIONS = NO;
				ENABLE_STRICT_OBJC_MSGSEND = YES;
				GCC_C_LANGUAGE_STANDARD = gnu11;
				GCC_NO_COMMON_BLOCKS = YES;
				GCC_WARN_64_TO_32_BIT_CONVERSION = YES;
				GCC_WARN_ABOUT_RETURN_TYPE = YES_ERROR;
				GCC_WARN_UNDECLARED_SELECTOR = YES;
				GCC_WARN_UNINITIALIZED_AUTOS = YES_AGGRESSIVE;
				GCC_WARN_UNUSED_FUNCTION = YES;
				GCC_WARN_UNUSED_VARIABLE = YES;
				IPHONEOS_DEPLOYMENT_TARGET = 13.6;
				MTL_ENABLE_DEBUG_INFO = NO;
				MTL_FAST_MATH = YES;
				SDKROOT = iphoneos;
				SWIFT_COMPILATION_MODE = wholemodule;
				SWIFT_OPTIMIZATION_LEVEL = "-O";
				SWIFT_OPTIMIZE_OBJECT_LIFETIME = YES;
				VALIDATE_PRODUCT = YES;
			};
			name = Release;
		};
		B609139127AD3A8000B439C3 /* Debug */ = {
			isa = XCBuildConfiguration;
			baseConfigurationReference = CEBF3DD9CCF3DD38A49D350C /* Pods-Omos.debug.xcconfig */;
			buildSettings = {
				ASSETCATALOG_COMPILER_APPICON_NAME = AppIcon;
				ASSETCATALOG_COMPILER_GLOBAL_ACCENT_COLOR_NAME = AccentColor;
				CODE_SIGN_ENTITLEMENTS = Omos/Omos.entitlements;
				CODE_SIGN_STYLE = Automatic;
				CURRENT_PROJECT_VERSION = 1;
				DEVELOPMENT_TEAM = 2L2K3UD2LK;
				GENERATE_INFOPLIST_FILE = YES;
				INFOPLIST_FILE = Omos/Info.plist;
				INFOPLIST_KEY_UIApplicationSupportsIndirectInputEvents = YES;
				INFOPLIST_KEY_UILaunchStoryboardName = LaunchScreen;
				INFOPLIST_KEY_UISupportedInterfaceOrientations = UIInterfaceOrientationPortrait;
				INFOPLIST_KEY_UISupportedInterfaceOrientations_iPad = "UIInterfaceOrientationPortrait UIInterfaceOrientationPortraitUpsideDown UIInterfaceOrientationLandscapeLeft UIInterfaceOrientationLandscapeRight";
				INFOPLIST_KEY_UISupportedInterfaceOrientations_iPhone = "UIInterfaceOrientationPortrait UIInterfaceOrientationLandscapeLeft UIInterfaceOrientationLandscapeRight";
				LD_RUNPATH_SEARCH_PATHS = (
					"$(inherited)",
					"@executable_path/Frameworks",
				);
				MARKETING_VERSION = 1.0;
				PRODUCT_BUNDLE_IDENTIFIER = com.sangheon.Omos;
				PRODUCT_NAME = "$(TARGET_NAME)";
				SWIFT_EMIT_LOC_STRINGS = YES;
				SWIFT_VERSION = 5.0;
				TARGETED_DEVICE_FAMILY = 1;
			};
			name = Debug;
		};
		B609139227AD3A8000B439C3 /* Release */ = {
			isa = XCBuildConfiguration;
			baseConfigurationReference = C215C3C79873F26B73F4F037 /* Pods-Omos.release.xcconfig */;
			buildSettings = {
				ASSETCATALOG_COMPILER_APPICON_NAME = AppIcon;
				ASSETCATALOG_COMPILER_GLOBAL_ACCENT_COLOR_NAME = AccentColor;
				CODE_SIGN_ENTITLEMENTS = Omos/Omos.entitlements;
				CODE_SIGN_STYLE = Automatic;
				CURRENT_PROJECT_VERSION = 1;
				DEVELOPMENT_TEAM = 2L2K3UD2LK;
				GENERATE_INFOPLIST_FILE = YES;
				INFOPLIST_FILE = Omos/Info.plist;
				INFOPLIST_KEY_UIApplicationSupportsIndirectInputEvents = YES;
				INFOPLIST_KEY_UILaunchStoryboardName = LaunchScreen;
				INFOPLIST_KEY_UISupportedInterfaceOrientations = UIInterfaceOrientationPortrait;
				INFOPLIST_KEY_UISupportedInterfaceOrientations_iPad = "UIInterfaceOrientationPortrait UIInterfaceOrientationPortraitUpsideDown UIInterfaceOrientationLandscapeLeft UIInterfaceOrientationLandscapeRight";
				INFOPLIST_KEY_UISupportedInterfaceOrientations_iPhone = "UIInterfaceOrientationPortrait UIInterfaceOrientationLandscapeLeft UIInterfaceOrientationLandscapeRight";
				LD_RUNPATH_SEARCH_PATHS = (
					"$(inherited)",
					"@executable_path/Frameworks",
				);
				MARKETING_VERSION = 1.0;
				PRODUCT_BUNDLE_IDENTIFIER = com.sangheon.Omos;
				PRODUCT_NAME = "$(TARGET_NAME)";
				SWIFT_EMIT_LOC_STRINGS = YES;
				SWIFT_VERSION = 5.0;
				TARGETED_DEVICE_FAMILY = 1;
			};
			name = Release;
		};
/* End XCBuildConfiguration section */

/* Begin XCConfigurationList section */
		B609137727AD3A7C00B439C3 /* Build configuration list for PBXProject "Omos" */ = {
			isa = XCConfigurationList;
			buildConfigurations = (
				B609138E27AD3A8000B439C3 /* Debug */,
				B609138F27AD3A8000B439C3 /* Release */,
			);
			defaultConfigurationIsVisible = 0;
			defaultConfigurationName = Release;
		};
		B609139027AD3A8000B439C3 /* Build configuration list for PBXNativeTarget "Omos" */ = {
			isa = XCConfigurationList;
			buildConfigurations = (
				B609139127AD3A8000B439C3 /* Debug */,
				B609139227AD3A8000B439C3 /* Release */,
			);
			defaultConfigurationIsVisible = 0;
			defaultConfigurationName = Release;
		};
/* End XCConfigurationList section */
	};
	rootObject = B609137427AD3A7C00B439C3 /* Project object */;
}
